[[package]]
name = "aiohttp"
version = "3.8.4"
description = "Async http client/server framework (asyncio)"
category = "main"
optional = false
python-versions = ">=3.6"

[package.dependencies]
aiosignal = ">=1.1.2"
async-timeout = ">=4.0.0a3,<5.0"
attrs = ">=17.3.0"
charset-normalizer = ">=2.0,<4.0"
frozenlist = ">=1.1.1"
multidict = ">=4.5,<7.0"
yarl = ">=1.0,<2.0"

[package.extras]
speedups = ["Brotli", "aiodns", "cchardet"]

[package.source]
type = "legacy"
url = "https://piwheels.org/simple"
reference = "piwheels"

[[package]]
name = "aiosignal"
version = "1.3.1"
description = "aiosignal: a list of registered asynchronous callbacks"
category = "main"
optional = false
python-versions = ">=3.7"

[package.dependencies]
frozenlist = ">=1.1.0"

[package.source]
type = "legacy"
url = "https://piwheels.org/simple"
reference = "piwheels"

[[package]]
name = "async-timeout"
version = "4.0.2"
description = "Timeout context manager for asyncio programs"
category = "main"
optional = false
python-versions = ">=3.6"

[package.source]
type = "legacy"
url = "https://piwheels.org/simple"
reference = "piwheels"

[[package]]
name = "attrs"
version = "22.2.0"
description = "Classes Without Boilerplate"
category = "main"
optional = false
python-versions = ">=3.6"

[package.extras]
cov = ["attrs[tests]", "coverage-enable-subprocess", "coverage[toml] (>=5.3)"]
dev = ["attrs[docs,tests]"]
docs = ["furo", "myst-parser", "sphinx", "sphinx-notfound-page", "sphinxcontrib-towncrier", "towncrier", "zope.interface"]
tests = ["attrs[tests-no-zope]", "zope.interface"]
tests-no-zope = ["cloudpickle", "cloudpickle", "hypothesis", "hypothesis", "mypy (>=0.971,<0.990)", "mypy (>=0.971,<0.990)", "pympler", "pympler", "pytest (>=4.3.0)", "pytest (>=4.3.0)", "pytest-mypy-plugins", "pytest-mypy-plugins", "pytest-xdist[psutil]", "pytest-xdist[psutil]"]

[package.source]
type = "legacy"
url = "https://piwheels.org/simple"
reference = "piwheels"

[[package]]
name = "backoff"
version = "2.2.1"
description = "Function decoration for backoff and retry"
category = "main"
optional = false
python-versions = ">=3.7,<4.0"

[package.source]
type = "legacy"
url = "https://piwheels.org/simple"
reference = "piwheels"

[[package]]
name = "beautifulsoup4"
version = "4.11.2"
description = "Screen-scraping library"
category = "main"
optional = false
python-versions = ">=3.6.0"

[package.dependencies]
soupsieve = ">1.2"

[package.extras]
html5lib = ["html5lib"]
lxml = ["lxml"]

[package.source]
type = "legacy"
url = "https://piwheels.org/simple"
reference = "piwheels"

[[package]]
name = "black"
version = "23.1.0"
description = "The uncompromising code formatter."
category = "dev"
optional = false
python-versions = ">=3.7"

[package.dependencies]
click = ">=8.0.0"
mypy-extensions = ">=0.4.3"
packaging = ">=22.0"
pathspec = ">=0.9.0"
platformdirs = ">=2"
tomli = {version = ">=1.1.0", markers = "python_version < \"3.11\""}
typing-extensions = {version = ">=3.10.0.0", markers = "python_version < \"3.10\""}

[package.extras]
colorama = ["colorama (>=0.4.3)"]
d = ["aiohttp (>=3.7.4)"]
jupyter = ["ipython (>=7.8.0)", "tokenize-rt (>=3.2.0)"]
uvloop = ["uvloop (>=0.15.2)"]

[[package]]
name = "bs4"
version = "0.0.1"
description = "Screen-scraping library"
category = "main"
optional = false
python-versions = "*"

[package.dependencies]
beautifulsoup4 = "*"

[package.source]
type = "legacy"
url = "https://piwheels.org/simple"
reference = "piwheels"

[[package]]
name = "cachetools"
version = "5.3.0"
description = "Extensible memoizing collections and decorators"
category = "main"
optional = false
python-versions = "~=3.7"

[package.source]
type = "legacy"
url = "https://piwheels.org/simple"
reference = "piwheels"

[[package]]
name = "cffi"
version = "1.15.1"
description = "Foreign Function Interface for Python calling C code."
category = "main"
optional = false
python-versions = "*"

[package.dependencies]
pycparser = "*"

[package.source]
type = "legacy"
url = "https://piwheels.org/simple"
reference = "piwheels"

[[package]]
name = "charset-normalizer"
version = "3.0.1"
description = "The Real First Universal Charset Detector. Open, modern and actively maintained alternative to Chardet."
category = "main"
optional = false
python-versions = "*"

[package.source]
type = "legacy"
url = "https://piwheels.org/simple"
reference = "piwheels"

[[package]]
name = "click"
version = "8.1.3"
description = "Composable command line interface toolkit"
category = "dev"
optional = false
python-versions = ">=3.7"

[package.dependencies]
colorama = {version = "*", markers = "platform_system == \"Windows\""}

[package.source]
type = "legacy"
url = "https://piwheels.org/simple"
reference = "piwheels"

[[package]]
name = "colorama"
version = "0.4.6"
description = "Cross-platform colored terminal text."
category = "dev"
optional = false
python-versions = "!=3.0.*,!=3.1.*,!=3.2.*,!=3.3.*,!=3.4.*,!=3.5.*,!=3.6.*,>=2.7"

[package.source]
type = "legacy"
url = "https://piwheels.org/simple"
reference = "piwheels"

[[package]]
name = "cryptography"
version = "39.0.1"
description = "cryptography is a package which provides cryptographic recipes and primitives to Python developers."
category = "main"
optional = false
python-versions = ">=3.6"

[package.dependencies]
cffi = ">=1.12"

[package.extras]
docs = ["sphinx (>=5.3.0)", "sphinx-rtd-theme (>=1.1.1)"]
docstest = ["pyenchant (>=1.6.11)", "sphinxcontrib-spelling (>=4.0.1)", "twine (>=1.12.0)"]
pep8test = ["black", "check-manifest", "mypy", "ruff", "types-pytz", "types-requests"]
sdist = ["setuptools-rust (>=0.11.4)"]
ssh = ["bcrypt (>=3.1.5)"]
test = ["hypothesis (>=1.11.4,!=3.79.2)", "iso8601", "pretend", "pytest (>=6.2.0)", "pytest-benchmark", "pytest-cov", "pytest-shard (>=0.1.2)", "pytest-subtests", "pytest-xdist", "pytz"]
test-randomorder = ["pytest-randomly"]
tox = ["tox"]

[[package]]
name = "frozenlist"
version = "1.3.3"
description = "A list-like structure which implements collections.abc.MutableSequence"
category = "main"
optional = false
python-versions = ">=3.7"

[package.source]
type = "legacy"
url = "https://piwheels.org/simple"
reference = "piwheels"

[[package]]
name = "gidgethub"
version = "5.2.1"
description = "An async GitHub API library"
category = "main"
optional = false
python-versions = ">=3.7"

[package.dependencies]
PyJWT = {version = ">=2.4.0", extras = ["crypto"]}
uritemplate = ">=3.0.1"

[package.extras]
aiohttp = ["aiohttp"]
dev = ["aiohttp", "black", "coverage[toml] (>=5.0.3)", "httpx", "mypy", "pytest-cov", "pytest-xdist", "tornado"]
doc = ["sphinx (>=4.0.0)", "sphinx-rtd-theme (>=0.5.2)"]
httpx = ["httpx (>=0.16.1)"]
test = ["importlib-resources", "pytest (>=5.4.1)", "pytest-asyncio", "pytest-tornasync"]
tornado = ["tornado"]

[package.source]
type = "legacy"
url = "https://piwheels.org/simple"
reference = "piwheels"

[[package]]
name = "idna"
version = "3.4"
description = "Internationalized Domain Names in Applications (IDNA)"
category = "main"
optional = false
python-versions = ">=3.5"

[package.source]
type = "legacy"
url = "https://piwheels.org/simple"
reference = "piwheels"

[[package]]
name = "jwt"
version = "1.3.1"
description = "JSON Web Token library for Python 3."
category = "dev"
optional = false
python-versions = ">= 3.6"

[package.dependencies]
cryptography = ">=3.1,<3.4.0 || >3.4.0"

[[package]]
name = "multidict"
version = "6.0.4"
description = "multidict implementation"
category = "main"
optional = false
python-versions = ">=3.7"

[package.source]
type = "legacy"
url = "https://piwheels.org/simple"
reference = "piwheels"

[[package]]
name = "mypy-extensions"
version = "1.0.0"
description = "Type system extensions for programs checked with the mypy type checker."
category = "dev"
optional = false
python-versions = ">=3.5"

[package.source]
type = "legacy"
url = "https://piwheels.org/simple"
reference = "piwheels"

[[package]]
name = "packaging"
version = "23.0"
description = "Core utilities for Python packages"
category = "dev"
optional = false
python-versions = ">=3.7"

[package.source]
type = "legacy"
url = "https://piwheels.org/simple"
reference = "piwheels"

[[package]]
name = "pathspec"
version = "0.11.0"
description = "Utility library for gitignore style pattern matching of file paths."
category = "dev"
optional = false
python-versions = ">=3.7"

[package.source]
type = "legacy"
url = "https://piwheels.org/simple"
reference = "piwheels"

[[package]]
name = "platformdirs"
version = "3.0.0"
description = "A small Python package for determining appropriate platform-specific dirs, e.g. a \"user data dir\"."
category = "main"
optional = false
python-versions = ">=3.7"

[package.extras]
docs = ["furo (>=2022.12.7)", "proselint (>=0.13)", "sphinx (>=6.1.3)", "sphinx-autodoc-typehints (>=1.22,!=1.23.4)"]
test = ["appdirs (==1.4.4)", "covdefaults (>=2.2.2)", "pytest (>=7.2.1)", "pytest-cov (>=4)", "pytest-mock (>=3.10)"]

[package.source]
type = "legacy"
url = "https://piwheels.org/simple"
reference = "piwheels"

[[package]]
name = "pycparser"
version = "2.21"
description = "C parser in Python"
category = "main"
optional = false
python-versions = ">=2.7, !=3.0.*, !=3.1.*, !=3.2.*, !=3.3.*"

[package.source]
type = "legacy"
url = "https://piwheels.org/simple"
reference = "piwheels"

[[package]]
name = "pyjwt"
version = "2.6.0"
description = "JSON Web Token implementation in Python"
category = "main"
optional = false
python-versions = ">=3.7"

[package.dependencies]
cryptography = {version = ">=3.4.0", optional = true, markers = "extra == \"crypto\""}

[package.extras]
crypto = ["cryptography (>=3.4.0)"]
dev = ["coverage[toml] (==5.0.4)", "cryptography (>=3.4.0)", "pre-commit", "pytest (>=6.0.0,<7.0.0)", "sphinx (>=4.5.0,<5.0.0)", "sphinx-rtd-theme", "zope.interface"]
docs = ["sphinx (>=4.5.0,<5.0.0)", "sphinx-rtd-theme", "zope.interface"]
tests = ["coverage[toml] (==5.0.4)", "pytest (>=6.0.0,<7.0.0)"]

[package.source]
type = "legacy"
url = "https://piwheels.org/simple"
reference = "piwheels"

[[package]]
name = "sechat"
version = "1.1.2"
description = "A BETTER Stack Exchange chat library."
category = "main"
optional = false
python-versions = ">=3.9.0,<4.0.0"
develop = false

[package.dependencies]
aiohttp = "^3.8.3"
backoff = "^2.2.1"
bs4 = "^0.0.1"
platformdirs = "^3.0.0"
websockets = "^10.4"

[package.source]
type = "git"
url = "https://github.com/GingerIndustries/sechat.git"
reference = "v2"
resolved_reference = "b6b34be93473e4e61d734dd7fe6cf907043be636"

[[package]]
name = "soupsieve"
version = "2.3.2.post1"
description = "A modern CSS selector implementation for Beautiful Soup."
category = "main"
optional = false
python-versions = ">=3.6"

[package.source]
type = "legacy"
url = "https://piwheels.org/simple"
reference = "piwheels"

[[package]]
name = "tomli"
version = "2.0.1"
description = "A lil' TOML parser"
category = "dev"
optional = false
python-versions = ">=3.7"

[package.source]
type = "legacy"
url = "https://piwheels.org/simple"
reference = "piwheels"

[[package]]
name = "typing-extensions"
version = "4.4.0"
description = "Backported and Experimental Type Hints for Python 3.7+"
category = "dev"
optional = false
python-versions = ">=3.7"

[package.source]
type = "legacy"
url = "https://piwheels.org/simple"
reference = "piwheels"

[[package]]
name = "uritemplate"
version = "4.1.1"
description = "Implementation of RFC 6570 URI Templates"
category = "main"
optional = false
python-versions = ">=3.6"

[package.source]
type = "legacy"
url = "https://piwheels.org/simple"
reference = "piwheels"

[[package]]
name = "websockets"
version = "10.4"
description = "An implementation of the WebSocket Protocol (RFC 6455 & 7692)"
category = "main"
optional = false
python-versions = ">=3.7"

[package.source]
type = "legacy"
url = "https://piwheels.org/simple"
reference = "piwheels"

[[package]]
name = "yarl"
version = "1.8.2"
description = "Yet another URL library"
category = "main"
optional = false
python-versions = ">=3.7"

[package.dependencies]
idna = ">=2.0"
multidict = ">=4.0"

[package.source]
type = "legacy"
url = "https://piwheels.org/simple"
reference = "piwheels"

[metadata]
lock-version = "1.1"
python-versions = "^3.9"
content-hash = "d28387a4f01633dfb7d703bcfa7c32dd2f90daa8f483525ee176c094d61538a5"

[metadata.files]
aiohttp = [
    {file = "aiohttp-3.8.4-cp37-cp37m-linux_armv6l.whl", hash = "sha256:d81e098ab4eaaf820bab6f322814f2340e168f5f195482e3d4df54ab1ed38a31"},
    {file = "aiohttp-3.8.4-cp37-cp37m-linux_armv7l.whl", hash = "sha256:d81e098ab4eaaf820bab6f322814f2340e168f5f195482e3d4df54ab1ed38a31"},
    {file = "aiohttp-3.8.4-cp39-cp39-linux_armv6l.whl", hash = "sha256:ddbeb913a0107abbfe8a055af9ba9b35711690ea65a33ada04587b6e4f08ea60"},
    {file = "aiohttp-3.8.4-cp39-cp39-linux_armv7l.whl", hash = "sha256:ddbeb913a0107abbfe8a055af9ba9b35711690ea65a33ada04587b6e4f08ea60"},
]
aiosignal = [
    {file = "aiosignal-1.3.1-py3-none-any.whl", hash = "sha256:7bb439405e42054f0edd11f3f1f55d5cf560906e950b92affcce1da7f5c5f3a2"},
]
async-timeout = [
    {file = "async_timeout-4.0.2-py3-none-any.whl", hash = "sha256:0ff8e5dcb63782d6baa0daf29dfed7e8f3c997a61453a1c5f8510938565e93d6"},
]
attrs = [
    {file = "attrs-22.2.0-py3-none-any.whl", hash = "sha256:52dd1548aaa4d65af91f99015a21718f8bbd3a45577e565cdd28b8a891da97a5"},
]
backoff = [
    {file = "backoff-2.2.1-py3-none-any.whl", hash = "sha256:63579f9a0628e06278f7e47b7d7d5b6ce20dc65c5e96a6f3ca99a6adca0396e8"},
]
beautifulsoup4 = [
    {file = "beautifulsoup4-4.11.2-py3-none-any.whl", hash = "sha256:4d7b8cfe94290ee3d361d8711a720bd46510c505813ed459a07d4a59762ad93a"},
]
black = [
    {file = "black-23.1.0-cp310-cp310-macosx_10_16_arm64.whl", hash = "sha256:b6a92a41ee34b883b359998f0c8e6eb8e99803aa8bf3123bf2b2e6fec505a221"},
    {file = "black-23.1.0-cp310-cp310-macosx_10_16_universal2.whl", hash = "sha256:57c18c5165c1dbe291d5306e53fb3988122890e57bd9b3dcb75f967f13411a26"},
    {file = "black-23.1.0-cp310-cp310-macosx_10_16_x86_64.whl", hash = "sha256:9880d7d419bb7e709b37e28deb5e68a49227713b623c72b2b931028ea65f619b"},
    {file = "black-23.1.0-cp310-cp310-manylinux_2_17_x86_64.manylinux2014_x86_64.whl", hash = "sha256:e6663f91b6feca5d06f2ccd49a10f254f9298cc1f7f49c46e498a0771b507104"},
    {file = "black-23.1.0-cp310-cp310-win_amd64.whl", hash = "sha256:9afd3f493666a0cd8f8df9a0200c6359ac53940cbde049dcb1a7eb6ee2dd7074"},
    {file = "black-23.1.0-cp311-cp311-macosx_10_16_arm64.whl", hash = "sha256:bfffba28dc52a58f04492181392ee380e95262af14ee01d4bc7bb1b1c6ca8d27"},
    {file = "black-23.1.0-cp311-cp311-macosx_10_16_universal2.whl", hash = "sha256:c1c476bc7b7d021321e7d93dc2cbd78ce103b84d5a4cf97ed535fbc0d6660648"},
    {file = "black-23.1.0-cp311-cp311-macosx_10_16_x86_64.whl", hash = "sha256:382998821f58e5c8238d3166c492139573325287820963d2f7de4d518bd76958"},
    {file = "black-23.1.0-cp311-cp311-manylinux_2_17_x86_64.manylinux2014_x86_64.whl", hash = "sha256:2bf649fda611c8550ca9d7592b69f0637218c2369b7744694c5e4902873b2f3a"},
    {file = "black-23.1.0-cp311-cp311-win_amd64.whl", hash = "sha256:121ca7f10b4a01fd99951234abdbd97728e1240be89fde18480ffac16503d481"},
    {file = "black-23.1.0-cp37-cp37m-macosx_10_16_x86_64.whl", hash = "sha256:a8471939da5e824b891b25751955be52ee7f8a30a916d570a5ba8e0f2eb2ecad"},
    {file = "black-23.1.0-cp37-cp37m-manylinux_2_17_x86_64.manylinux2014_x86_64.whl", hash = "sha256:8178318cb74f98bc571eef19068f6ab5613b3e59d4f47771582f04e175570ed8"},
    {file = "black-23.1.0-cp37-cp37m-win_amd64.whl", hash = "sha256:a436e7881d33acaf2536c46a454bb964a50eff59b21b51c6ccf5a40601fbef24"},
    {file = "black-23.1.0-cp38-cp38-macosx_10_16_arm64.whl", hash = "sha256:a59db0a2094d2259c554676403fa2fac3473ccf1354c1c63eccf7ae65aac8ab6"},
    {file = "black-23.1.0-cp38-cp38-macosx_10_16_universal2.whl", hash = "sha256:0052dba51dec07ed029ed61b18183942043e00008ec65d5028814afaab9a22fd"},
    {file = "black-23.1.0-cp38-cp38-macosx_10_16_x86_64.whl", hash = "sha256:49f7b39e30f326a34b5c9a4213213a6b221d7ae9d58ec70df1c4a307cf2a1580"},
    {file = "black-23.1.0-cp38-cp38-manylinux_2_17_x86_64.manylinux2014_x86_64.whl", hash = "sha256:162e37d49e93bd6eb6f1afc3e17a3d23a823042530c37c3c42eeeaf026f38468"},
    {file = "black-23.1.0-cp38-cp38-win_amd64.whl", hash = "sha256:8b70eb40a78dfac24842458476135f9b99ab952dd3f2dab738c1881a9b38b753"},
    {file = "black-23.1.0-cp39-cp39-macosx_10_16_arm64.whl", hash = "sha256:a29650759a6a0944e7cca036674655c2f0f63806ddecc45ed40b7b8aa314b651"},
    {file = "black-23.1.0-cp39-cp39-macosx_10_16_universal2.whl", hash = "sha256:bb460c8561c8c1bec7824ecbc3ce085eb50005883a6203dcfb0122e95797ee06"},
    {file = "black-23.1.0-cp39-cp39-macosx_10_16_x86_64.whl", hash = "sha256:c91dfc2c2a4e50df0026f88d2215e166616e0c80e86004d0003ece0488db2739"},
    {file = "black-23.1.0-cp39-cp39-manylinux_2_17_x86_64.manylinux2014_x86_64.whl", hash = "sha256:2a951cc83ab535d248c89f300eccbd625e80ab880fbcfb5ac8afb5f01a258ac9"},
    {file = "black-23.1.0-cp39-cp39-win_amd64.whl", hash = "sha256:0680d4380db3719ebcfb2613f34e86c8e6d15ffeabcf8ec59355c5e7b85bb555"},
    {file = "black-23.1.0-py3-none-any.whl", hash = "sha256:7a0f701d314cfa0896b9001df70a530eb2472babb76086344e688829efd97d32"},
    {file = "black-23.1.0.tar.gz", hash = "sha256:b0bd97bea8903f5a2ba7219257a44e3f1f9d00073d6cc1add68f0beec69692ac"},
]
bs4 = [
    {file = "bs4-0.0.1-py3-none-any.whl", hash = "sha256:69984772d2517fc4c09c079764641d451f11b48d5fa31ff2a02d56e27a01968e"},
]
cachetools = [
    {file = "cachetools-5.3.0-py3-none-any.whl", hash = "sha256:282bd53f8a918b35eae937eaf32c4c9cc93b1ee30a3539a7408a634a07c53fae"},
]
cffi = [
    {file = "cffi-1.15.1-cp35-cp35m-linux_armv6l.whl", hash = "sha256:6121721a6976cbf2fc4d2807fded73d92917c911bbc8ba2c7310321d7b760230"},
    {file = "cffi-1.15.1-cp35-cp35m-linux_armv7l.whl", hash = "sha256:6121721a6976cbf2fc4d2807fded73d92917c911bbc8ba2c7310321d7b760230"},
    {file = "cffi-1.15.1-cp37-cp37m-linux_armv6l.whl", hash = "sha256:bf9242179d15bac1bf6d9b03d83d058019b3f6bca8c08ad699de315e5fbfa6d3"},
    {file = "cffi-1.15.1-cp37-cp37m-linux_armv7l.whl", hash = "sha256:bf9242179d15bac1bf6d9b03d83d058019b3f6bca8c08ad699de315e5fbfa6d3"},
    {file = "cffi-1.15.1-cp39-cp39-linux_armv6l.whl", hash = "sha256:a1e3a74910df7f5e703e5b0009d411171b808e45f4826fac0568fdab1a154185"},
    {file = "cffi-1.15.1-cp39-cp39-linux_armv7l.whl", hash = "sha256:a1e3a74910df7f5e703e5b0009d411171b808e45f4826fac0568fdab1a154185"},
]
charset-normalizer = [
    {file = "charset_normalizer-3.0.1-py3-none-any.whl", hash = "sha256:1799ad8111efa28db62e1b9773eba32dcc9fd0cd9d7c631bd4858eb15a30f858"},
]
click = [
    {file = "click-8.1.3-py3-none-any.whl", hash = "sha256:0fbcde147794ed8e320fe5cfe2155cf6fcb76c1249ae7292a4c07d25de6825fe"},
]
colorama = [
    {file = "colorama-0.4.6-py2.py3-none-any.whl", hash = "sha256:4f1d9991f5acc0ca119f9d443620b77f9d6b33703e51011c16baf57afb285fc6"},
]
cryptography = [
    {file = "cryptography-39.0.1-cp36-abi3-macosx_10_12_universal2.whl", hash = "sha256:6687ef6d0a6497e2b58e7c5b852b53f62142cfa7cd1555795758934da363a965"},
    {file = "cryptography-39.0.1-cp36-abi3-macosx_10_12_x86_64.whl", hash = "sha256:706843b48f9a3f9b9911979761c91541e3d90db1ca905fd63fee540a217698bc"},
    {file = "cryptography-39.0.1-cp36-abi3-manylinux_2_17_aarch64.manylinux2014_aarch64.manylinux_2_24_aarch64.whl", hash = "sha256:5d2d8b87a490bfcd407ed9d49093793d0f75198a35e6eb1a923ce1ee86c62b41"},
    {file = "cryptography-39.0.1-cp36-abi3-manylinux_2_17_aarch64.manylinux2014_aarch64.whl", hash = "sha256:83e17b26de248c33f3acffb922748151d71827d6021d98c70e6c1a25ddd78505"},
    {file = "cryptography-39.0.1-cp36-abi3-manylinux_2_17_x86_64.manylinux2014_x86_64.whl", hash = "sha256:e124352fd3db36a9d4a21c1aa27fd5d051e621845cb87fb851c08f4f75ce8be6"},
    {file = "cryptography-39.0.1-cp36-abi3-manylinux_2_24_x86_64.whl", hash = "sha256:5aa67414fcdfa22cf052e640cb5ddc461924a045cacf325cd164e65312d99502"},
    {file = "cryptography-39.0.1-cp36-abi3-manylinux_2_28_aarch64.whl", hash = "sha256:35f7c7d015d474f4011e859e93e789c87d21f6f4880ebdc29896a60403328f1f"},
    {file = "cryptography-39.0.1-cp36-abi3-manylinux_2_28_x86_64.whl", hash = "sha256:f24077a3b5298a5a06a8e0536e3ea9ec60e4c7ac486755e5fb6e6ea9b3500106"},
    {file = "cryptography-39.0.1-cp36-abi3-musllinux_1_1_aarch64.whl", hash = "sha256:f0c64d1bd842ca2633e74a1a28033d139368ad959872533b1bab8c80e8240a0c"},
    {file = "cryptography-39.0.1-cp36-abi3-musllinux_1_1_x86_64.whl", hash = "sha256:0f8da300b5c8af9f98111ffd512910bc792b4c77392a9523624680f7956a99d4"},
    {file = "cryptography-39.0.1-cp36-abi3-win32.whl", hash = "sha256:fe913f20024eb2cb2f323e42a64bdf2911bb9738a15dba7d3cce48151034e3a8"},
    {file = "cryptography-39.0.1-cp36-abi3-win_amd64.whl", hash = "sha256:ced4e447ae29ca194449a3f1ce132ded8fcab06971ef5f618605aacaa612beac"},
    {file = "cryptography-39.0.1-pp38-pypy38_pp73-macosx_10_12_x86_64.whl", hash = "sha256:807ce09d4434881ca3a7594733669bd834f5b2c6d5c7e36f8c00f691887042ad"},
    {file = "cryptography-39.0.1-pp38-pypy38_pp73-manylinux_2_28_aarch64.whl", hash = "sha256:c5caeb8188c24888c90b5108a441c106f7faa4c4c075a2bcae438c6e8ca73cef"},
    {file = "cryptography-39.0.1-pp38-pypy38_pp73-manylinux_2_28_x86_64.whl", hash = "sha256:4789d1e3e257965e960232345002262ede4d094d1a19f4d3b52e48d4d8f3b885"},
    {file = "cryptography-39.0.1-pp38-pypy38_pp73-win_amd64.whl", hash = "sha256:96f1157a7c08b5b189b16b47bc9db2332269d6680a196341bf30046330d15388"},
    {file = "cryptography-39.0.1-pp39-pypy39_pp73-macosx_10_12_x86_64.whl", hash = "sha256:e422abdec8b5fa8462aa016786680720d78bdce7a30c652b7fadf83a4ba35336"},
    {file = "cryptography-39.0.1-pp39-pypy39_pp73-manylinux_2_17_aarch64.manylinux2014_aarch64.manylinux_2_24_aarch64.whl", hash = "sha256:b0afd054cd42f3d213bf82c629efb1ee5f22eba35bf0eec88ea9ea7304f511a2"},
    {file = "cryptography-39.0.1-pp39-pypy39_pp73-manylinux_2_24_x86_64.whl", hash = "sha256:6f8ba7f0328b79f08bdacc3e4e66fb4d7aab0c3584e0bd41328dce5262e26b2e"},
    {file = "cryptography-39.0.1-pp39-pypy39_pp73-manylinux_2_28_aarch64.whl", hash = "sha256:ef8b72fa70b348724ff1218267e7f7375b8de4e8194d1636ee60510aae104cd0"},
    {file = "cryptography-39.0.1-pp39-pypy39_pp73-manylinux_2_28_x86_64.whl", hash = "sha256:aec5a6c9864be7df2240c382740fcf3b96928c46604eaa7f3091f58b878c0bb6"},
    {file = "cryptography-39.0.1-pp39-pypy39_pp73-win_amd64.whl", hash = "sha256:fdd188c8a6ef8769f148f88f859884507b954cc64db6b52f66ef199bb9ad660a"},
    {file = "cryptography-39.0.1.tar.gz", hash = "sha256:d1f6198ee6d9148405e49887803907fe8962a23e6c6f83ea7d98f1c0de375695"},
]
frozenlist = [
    {file = "frozenlist-1.3.3-cp37-cp37m-linux_armv6l.whl", hash = "sha256:d034f0cbf2a2fb8a0bb0c2eaffa328b9f104a83641249c78c9a4562a274df972"},
    {file = "frozenlist-1.3.3-cp37-cp37m-linux_armv7l.whl", hash = "sha256:d034f0cbf2a2fb8a0bb0c2eaffa328b9f104a83641249c78c9a4562a274df972"},
    {file = "frozenlist-1.3.3-cp39-cp39-linux_armv6l.whl", hash = "sha256:af2f6355bb6ac720ae2a26e5a78b510d48692287ee279e91147ee6e98068bd87"},
    {file = "frozenlist-1.3.3-cp39-cp39-linux_armv7l.whl", hash = "sha256:af2f6355bb6ac720ae2a26e5a78b510d48692287ee279e91147ee6e98068bd87"},
]
gidgethub = [
    {file = "gidgethub-5.2.1-py3-none-any.whl", hash = "sha256:1c491f4ba314200f8b4845aeaac6fa96bcb924d9e7e10e670e31fcf29b22a069"},
]
idna = [
    {file = "idna-3.4-py3-none-any.whl", hash = "sha256:bcac1132a4eadea8321490704e2349b752e29c6ec2f1c27d372010e76ebd3fa1"},
]
jwt = [
    {file = "jwt-1.3.1-py3-none-any.whl", hash = "sha256:61c9170f92e736b530655e75374681d4fcca9cfa8763ab42be57353b2b203494"},
]
multidict = [
    {file = "multidict-6.0.4-cp37-cp37m-linux_armv6l.whl", hash = "sha256:868c94c21ab7c62b6281ca367270a552c63df7f06dd58cf024b4d690f667a5d7"},
    {file = "multidict-6.0.4-cp37-cp37m-linux_armv7l.whl", hash = "sha256:868c94c21ab7c62b6281ca367270a552c63df7f06dd58cf024b4d690f667a5d7"},
    {file = "multidict-6.0.4-cp39-cp39-linux_armv6l.whl", hash = "sha256:9bc15d757c1b0e8f7d7f11a061ba1c11181d93693d9e5c697df4b8fdbe9f54c6"},
    {file = "multidict-6.0.4-cp39-cp39-linux_armv7l.whl", hash = "sha256:9bc15d757c1b0e8f7d7f11a061ba1c11181d93693d9e5c697df4b8fdbe9f54c6"},
]
mypy-extensions = [
    {file = "mypy_extensions-1.0.0-py3-none-any.whl", hash = "sha256:7b58bcc6d3a548c146400c2e5de934bdbf2658503f897adee40f210e19b1f0ac"},
]
packaging = [
    {file = "packaging-23.0-py3-none-any.whl", hash = "sha256:f8b5ed3be5fc926f6cf8dfb3b39c457bbbb619183f2f30a493d50d2ab3cae7d4"},
]
pathspec = [
    {file = "pathspec-0.11.0-py3-none-any.whl", hash = "sha256:9acb9bb79c38e6f91ac3d59b4198c32973429a4f464aaa59208a343e2ff5dafa"},
]
platformdirs = [
    {file = "platformdirs-3.0.0-py3-none-any.whl", hash = "sha256:b1d5eb14f221506f50d6604a561f4c5786d9e80355219694a1b244bcd96f4567"},
]
pycparser = [
    {file = "pycparser-2.21-py2.py3-none-any.whl", hash = "sha256:ab326306c89cc646bc81ba2337c513f967faf2b3457985e1c63180adf1ada044"},
]
pyjwt = [
    {file = "PyJWT-2.6.0-py3-none-any.whl", hash = "sha256:575ab801a3403e715d14384fe730a17cf8d2b815e4b196a0c3006e64f05c9ab1"},
]
sechat = []
soupsieve = [
    {file = "soupsieve-2.3.2.post1-py3-none-any.whl", hash = "sha256:3b2503d3c7084a42b1ebd08116e5f81aadfaea95863628c80a3b774a11b7c759"},
]
tomli = [
    {file = "tomli-2.0.1-py3-none-any.whl", hash = "sha256:939de3e7a6161af0c887ef91b7d41a53e7c5a1ca976325f429cb46ea9bc30ecc"},
]
typing-extensions = [
    {file = "typing_extensions-4.4.0-py3-none-any.whl", hash = "sha256:979fb485ad436c08d30192f00835e928d3029f13146107787caec5a68c4a6725"},
]
uritemplate = [
    {file = "uritemplate-4.1.1-py2.py3-none-any.whl", hash = "sha256:43d951706d470b2fffe28e3f0d3955176ebd16c5fd93ab644b713e790246d2d4"},
]
websockets = [
    {file = "websockets-10.4-cp37-cp37m-linux_armv6l.whl", hash = "sha256:b9baed6135ffbdec178783087cca7ec0d039348eb236524005dda600f2ffd6e4"},
    {file = "websockets-10.4-cp37-cp37m-linux_armv7l.whl", hash = "sha256:b9baed6135ffbdec178783087cca7ec0d039348eb236524005dda600f2ffd6e4"},
    {file = "websockets-10.4-cp39-cp39-linux_armv6l.whl", hash = "sha256:ba24658edeb39cbc485480fd11ede3f857c03cae4fc3f3fda571e5acfc4f1184"},
    {file = "websockets-10.4-cp39-cp39-linux_armv7l.whl", hash = "sha256:ba24658edeb39cbc485480fd11ede3f857c03cae4fc3f3fda571e5acfc4f1184"},
]
yarl = [
    {file = "yarl-1.8.2-cp37-cp37m-linux_armv6l.whl", hash = "sha256:a11cf85ba9fab3b3fb9fd7a08d2023f33874f395be7352cf7d0e68dc6fc98349"},
    {file = "yarl-1.8.2-cp37-cp37m-linux_armv7l.whl", hash = "sha256:a11cf85ba9fab3b3fb9fd7a08d2023f33874f395be7352cf7d0e68dc6fc98349"},
    {file = "yarl-1.8.2-cp39-cp39-linux_armv6l.whl", hash = "sha256:6da311d58afafd2fc23ad5da4d0eae57355b062cfd8d9f7ebd2f158b873759e3"},
    {file = "yarl-1.8.2-cp39-cp39-linux_armv7l.whl", hash = "sha256:6da311d58afafd2fc23ad5da4d0eae57355b062cfd8d9f7ebd2f158b873759e3"},
]
